{
  "version": 4,
  "terraform_version": "1.4.2",
  "serial": 4,
  "lineage": "861ff64e-6548-fb97-695c-5a01a5215a28",
  "outputs": {},
  "resources": [
    {
      "mode": "managed",
      "type": "newrelic_alert_policy",
      "name": "firstAlertP",
      "provider": "provider[\"registry.terraform.io/newrelic/newrelic\"]",
      "instances": [
        {
          "schema_version": 0,
          "attributes": {
            "account_id": 4043704,
            "channel_ids": null,
            "id": "4572110",
            "incident_preference": "PER_POLICY",
            "name": "my-alert-first"
          },
          "sensitive_attributes": [],
          "private": "bnVsbA=="
        }
      ]
    }
  ],
  "check_results": null
}
